
Microsoft Visual Studio Solution File, Format Version 12.00
# Visual Studio 15
VisualStudioVersion = 15.0.28010.2048
MinimumVisualStudioVersion = 10.0.40219.1
Project("{FAE04EC0-301F-11D3-BF4B-00C04F79EFBC}") = "Ventas3.0", "Ventas3.0\Ventas3.0.csproj", "{6A0332D4-604E-44B1-A87A-2B76AF5DDDC5}"
EndProject
Global
	GlobalSection(SolutionConfigurationPlatforms) = preSolution
		Debug|Any CPU = Debug|Any CPU
		Release|Any CPU = Release|Any CPU
	EndGlobalSection
	GlobalSection(ProjectConfigurationPlatforms) = postSolution
		{6A0332D4-604E-44B1-A87A-2B76AF5DDDC5}.Debug|Any CPU.ActiveCfg = Debug|Any CPU
		{6A0332D4-604E-44B1-A87A-2B76AF5DDDC5}.Debug|Any CPU.Build.0 = Debug|Any CPU
		{6A0332D4-604E-44B1-A87A-2B76AF5DDDC5}.Release|Any CPU.ActiveCfg = Release|Any CPU
		{6A0332D4-604E-44B1-A87A-2B76AF5DDDC5}.Release|Any CPU.Build.0 = Release|Any CPU
	EndGlobalSection
	GlobalSection(SolutionProperties) = preSolution
		HideSolutionNode = FALSE
	EndGlobalSection
	GlobalSection(ExtensibilityGlobals) = postSolution
		SolutionGuid = {91B398CE-99F0-46B5-B98C-6826399DDAA8}
	EndGlobalSection
EndGlobal
